
Microsoft Visual Studio Solution File, Format Version 12.00
# Visual Studio Version 16
VisualStudioVersion = 16.0.30309.148
MinimumVisualStudioVersion = 10.0.40219.1
Project("{FAE04EC0-301F-11D3-BF4B-00C04F79EFBC}") = "MeetingScheduler", "MeetingScheduler\MeetingScheduler.csproj", "{AC34B433-8113-4A5A-A21F-7104ECB53935}"
EndProject
Global
	GlobalSection(SolutionConfigurationPlatforms) = preSolution
		Debug|Any CPU = Debug|Any CPU
		Release|Any CPU = Release|Any CPU
	EndGlobalSection
	GlobalSection(ProjectConfigurationPlatforms) = postSolution
		{AC34B433-8113-4A5A-A21F-7104ECB53935}.Debug|Any CPU.ActiveCfg = Debug|Any CPU
		{AC34B433-8113-4A5A-A21F-7104ECB53935}.Debug|Any CPU.Build.0 = Debug|Any CPU
		{AC34B433-8113-4A5A-A21F-7104ECB53935}.Release|Any CPU.ActiveCfg = Release|Any CPU
		{AC34B433-8113-4A5A-A21F-7104ECB53935}.Release|Any CPU.Build.0 = Release|Any CPU
	EndGlobalSection
	GlobalSection(SolutionProperties) = preSolution
		HideSolutionNode = FALSE
	EndGlobalSection
	GlobalSection(ExtensibilityGlobals) = postSolution
		SolutionGuid = {E9AF6757-9315-421F-B14B-B03829291C8B}
	EndGlobalSection
EndGlobal
